# Generated by Dagger. Pins the images and git refs this workspace uses.
# Any Dagger command may update this file; always commit it with your changes.
# Run `dagger lock update` to refresh the pinned versions.
[["version","2"]]
["","git-latest",["github.com/dagger/eslint"],"refs/heads/main"]
["","git-latest",["github.com/dagger/prettier"],"refs/heads/main"]
["","git-latest",["github.com/dagger/vitest"],"refs/heads/main"]
["","git-sha",["github.com/dagger/eslint","refs/heads/main"],"35a0cc0923fdf625608afb1c2b276e00262c0f81"]
["","git-sha",["github.com/dagger/prettier","refs/heads/main"],"a22d2ca5f091ab4cf72aaa3f6664cc2a991502d1"]
["","git-sha",["github.com/dagger/vitest","refs/heads/main"],"baffeee686a06ef42d7f2e27e5658926bcdbe3c9"]
["","git-sha",["github.com/langri-sha/dagger","cargo/v0.1.0"],"055865d966ebc4ae3af1a5b6e651cb5199ba7613"]
["","git-sha",["github.com/langri-sha/dagger","ci/v0.1.0"],"c862c9d4afc807deb2383b0811ecd3acd148c032"]
["","git-sha",["github.com/langri-sha/dagger","terraform/v0.1.0"],"a2ee7ba6a2e4e3bbc1f82379d3ebe06c3c6a04de"]
["","oci-sha",["docker.io/hashicorp/terraform:1.16.3"],"sha256:c9a9d991c113f3bda5269de1506983d45ce1409dfe702df433acf10a5ea9f6bc"]
["","oci-sha",["docker.io/hashicorp/terraform:1.16.4"],"sha256:985cdc6c1d9b0a65b83377f666efd2f740b47f02ac55be1ced3d18f7d3b0e829"]
["","oci-sha",["docker.io/library/node:24-slim"],"sha256:0e0ff40c39bc087845bfb27465a0df4ea419520094bc35842ff83dd8cbe6f9b6"]
["","oci-sha",["docker.io/library/rust:1-slim"],"sha256:0952c7a429d2f53c7f1f5e0796190690e7d8db367ec4a66ce0419763b9e5e0d0"]
["","vanity-url",["https://dagger.io/js/eslint"],"https://github.com/dagger/eslint"]
["","vanity-url",["https://dagger.io/js/prettier"],"https://github.com/dagger/prettier"]
["","vanity-url",["https://dagger.io/js/vitest"],"https://github.com/dagger/vitest"]